{
  "name": "NPLink",
  "lockfileVersion": 3,
  "requires": true,
  "packages": {
    "": {
      "dependencies": {
        "yuglify": "^2.0.0"
      }
    },
    "node_modules/abbrev": {
      "version": "1.1.1",
      "resolved": "https://registry.npmjs.org/abbrev/-/abbrev-1.1.1.tgz",
      "integrity": "sha512-nne9/IiQ/hzIhY6pdDnbBtz7DjPTKrY00P/zvPSm5pOFkl6xuGrGnXn/VtTNNfNtAfZ9/1RtehkszU9qcTii0Q=="
    },
    "node_modules/nopt": {
      "version": "2.1.2",
      "resolved": "https://registry.npmjs.org/nopt/-/nopt-2.1.2.tgz",
      "integrity": "sha512-x8vXm7BZ2jE1Txrxh/hO74HTuYZQEbo8edoRcANgdZ4+PCV+pbjd/xdummkmjjC7LU5EjPzlu8zEq/oxWylnKA==",
      "dependencies": {
        "abbrev": "1"
      },
      "bin": {
        "nopt": "bin/nopt.js"
      }
    },
    "node_modules/uglify-js": {
      "version": "3.17.4",
      "resolved": "https://registry.npmjs.org/uglify-js/-/uglify-js-3.17.4.tgz",
      "integrity": "sha512-T9q82TJI9e/C1TAxYvfb16xO120tMVFZrGA3f9/P4424DNu6ypK103y0GPFVa17yotwSyZW5iYXgjYHkGrJW/g==",
      "bin": {
        "uglifyjs": "bin/uglifyjs"
      },
      "engines": {
        "node": ">=0.8.0"
      }
    },
    "node_modules/ycssmin": {
      "version": "1.0.1",
      "resolved": "https://registry.npmjs.org/ycssmin/-/ycssmin-1.0.1.tgz",
      "integrity": "sha512-nSBxAfGA/RlALXyqijYUnIjMXNXWxYHrQJSYwNqypeULl44J8Z/eN5larw7ZEdYLeUHBgPyilve6hqQtWVVs9g==",
      "bin": {
        "ycssmin": "bin/cssmin"
      }
    },
    "node_modules/yuglify": {
      "version": "2.0.0",
      "resolved": "https://registry.npmjs.org/yuglify/-/yuglify-2.0.0.tgz",
      "integrity": "sha512-H5bf7+JO9htUtORqDGYiFAeZjrAQXVU7l2ZX1EYDQFJENjex2pSixhmE6SMSnntzHMeraQhcIXPFdA3YF9ssMA==",
      "dependencies": {
        "nopt": "~2.1.1",
        "uglify-js": "^3.1.4",
        "ycssmin": "~1.0.1"
      },
      "bin": {
        "yuglify": "bin/yuglify"
      }
    }
  }
}
